// !$*UTF8*$!
{
	archiveVersion = 1;
	classes = {
	};
	objectVersion = 46;
	objects = {

/* Begin PBXBuildFile section */
		4B213FAE1C01DF5C0085B222 /* main.m in Sources */ = {isa = PBXBuildFile; fileRef = 4B213FAD1C01DF5C0085B222 /* main.m */; };
		4B213FB11C01DF5C0085B222 /* AppDelegate.m in Sources */ = {isa = PBXBuildFile; fileRef = 4B213FB01C01DF5C0085B222 /* AppDelegate.m */; };
		4B213FB41C01DF5C0085B222 /* ViewController.m in Sources */ = {isa = PBXBuildFile; fileRef = 4B213FB31C01DF5C0085B222 /* ViewController.m */; };
		4B213FB71C01DF5C0085B222 /* Main.storyboard in Resources */ = {isa = PBXBuildFile; fileRef = 4B213FB51C01DF5C0085B222 /* Main.storyboard */; };
		4B213FB91C01DF5C0085B222 /* Assets.xcassets in Resources */ = {isa = PBXBuildFile; fileRef = 4B213FB81C01DF5C0085B222 /* Assets.xcassets */; };
		4B213FBC1C01DF5C0085B222 /* LaunchScreen.storyboard in Resources */ = {isa = PBXBuildFile; fileRef = 4B213FBA1C01DF5C0085B222 /* LaunchScreen.storyboard */; };
		4B213FC51C01E2110085B222 /* SocietyController.m in Sources */ = {isa = PBXBuildFile; fileRef = 4B213FC41C01E2110085B222 /* SocietyController.m */; };
		4B213FC81C01E22A0085B222 /* TopTitleViewController.m in Sources */ = {isa = PBXBuildFile; fileRef = 4B213FC71C01E22A0085B222 /* TopTitleViewController.m */; };
		4B213FCB1C01E23F0085B222 /* HotPointController.m in Sources */ = {isa = PBXBuildFile; fileRef = 4B213FCA1C01E23F0085B222 /* HotPointController.m */; };
/* End PBXBuildFile section */

/* Begin PBXFileReference section */
		4B213FA91C01DF5C0085B222 /* ZJ父子控制器（简介）.app */ = {isa = PBXFileReference; explicitFileType = wrapper.application; includeInIndex = 0; path = "ZJ父子控制器（简介）.app"; sourceTree = BUILT_PRODUCTS_DIR; };
		4B213FAD1C01DF5C0085B222 /* main.m */ = {isa = PBXFileReference; lastKnownFileType = sourcecode.c.objc; path = main.m; sourceTree = "<group>"; };
		4B213FAF1C01DF5C0085B222 /* AppDelegate.h */ = {isa = PBXFileReference; lastKnownFileType = sourcecode.c.h; path = AppDelegate.h; sourceTree = "<group>"; };
		4B213FB01C01DF5C0085B222 /* AppDelegate.m */ = {isa = PBXFileReference; lastKnownFileType = sourcecode.c.objc; path = AppDelegate.m; sourceTree = "<group>"; };
		4B213FB21C01DF5C0085B222 /* ViewController.h */ = {isa = PBXFileReference; lastKnownFileType = sourcecode.c.h; path = ViewController.h; sourceTree = "<group>"; };
		4B213FB31C01DF5C0085B222 /* ViewController.m */ = {isa = PBXFileReference; lastKnownFileType = sourcecode.c.objc; path = ViewController.m; sourceTree = "<group>"; };
		4B213FB61C01DF5C0085B222 /* Base */ = {isa = PBXFileReference; lastKnownFileType = file.storyboard; name = Base; path = Base.lproj/Main.storyboard; sourceTree = "<group>"; };
		4B213FB81C01DF5C0085B222 /* Assets.xcassets */ = {isa = PBXFileReference; lastKnownFileType = folder.assetcatalog; path = Assets.xcassets; sourceTree = "<group>"; };
		4B213FBB1C01DF5C0085B222 /* Base */ = {isa = PBXFileReference; lastKnownFileType = file.storyboard; name = Base; path = Base.lproj/LaunchScreen.storyboard; sourceTree = "<group>"; };
		4B213FBD1C01DF5C0085B222 /* Info.plist */ = {isa = PBXFileReference; lastKnownFileType = text.plist.xml; path = Info.plist; sourceTree = "<group>"; };
		4B213FC31C01E2110085B222 /* SocietyController.h */ = {isa = PBXFileReference; fileEncoding = 4; lastKnownFileType = sourcecode.c.h; path = SocietyController.h; sourceTree = "<group>"; };
		4B213FC41C01E2110085B222 /* SocietyController.m */ = {isa = PBXFileReference; fileEncoding = 4; lastKnownFileType = sourcecode.c.objc; path = SocietyController.m; sourceTree = "<group>"; };
		4B213FC61C01E22A0085B222 /* TopTitleViewController.h */ = {isa = PBXFileReference; fileEncoding = 4; lastKnownFileType = sourcecode.c.h; path = TopTitleViewController.h; sourceTree = "<group>"; };
		4B213FC71C01E22A0085B222 /* TopTitleViewController.m */ = {isa = PBXFileReference; fileEncoding = 4; lastKnownFileType = sourcecode.c.objc; path = TopTitleViewController.m; sourceTree = "<group>"; };
		4B213FC91C01E23F0085B222 /* HotPointController.h */ = {isa = PBXFileReference; fileEncoding = 4; lastKnownFileType = sourcecode.c.h; path = HotPointController.h; sourceTree = "<group>"; };
		4B213FCA1C01E23F0085B222 /* HotPointController.m */ = {isa = PBXFileReference; fileEncoding = 4; lastKnownFileType = sourcecode.c.objc; path = HotPointController.m; sourceTree = "<group>"; };
/* End PBXFileReference section */

/* Begin PBXFrameworksBuildPhase section */
		4B213FA61C01DF5C0085B222 /* Frameworks */ = {
			isa = PBXFrameworksBuildPhase;
			buildActionMask = 2147483647;
			files = (
			);
			runOnlyForDeploymentPostprocessing = 0;
		};
/* End PBXFrameworksBuildPhase section */

/* Begin PBXGroup section */
		4B213FA01C01DF5C0085B222 = {
			isa = PBXGroup;
			children = (
				4B213FAB1C01DF5C0085B222 /* ZJ父子控制器（简介） */,
				4B213FAA1C01DF5C0085B222 /* Products */,
			);
			sourceTree = "<group>";
		};
		4B213FAA1C01DF5C0085B222 /* Products */ = {
			isa = PBXGroup;
			children = (
				4B213FA91C01DF5C0085B222 /* ZJ父子控制器（简介）.app */,
			);
			name = Products;
			sourceTree = "<group>";
		};
		4B213FAB1C01DF5C0085B222 /* ZJ父子控制器（简介） */ = {
			isa = PBXGroup;
			children = (
				4B213FAF1C01DF5C0085B222 /* AppDelegate.h */,
				4B213FB01C01DF5C0085B222 /* AppDelegate.m */,
				4B213FB21C01DF5C0085B222 /* ViewController.h */,
				4B213FB31C01DF5C0085B222 /* ViewController.m */,
				4B213FC31C01E2110085B222 /* SocietyController.h */,
				4B213FC41C01E2110085B222 /* SocietyController.m */,
				4B213FC61C01E22A0085B222 /* TopTitleViewController.h */,
				4B213FC71C01E22A0085B222 /* TopTitleViewController.m */,
				4B213FC91C01E23F0085B222 /* HotPointController.h */,
				4B213FCA1C01E23F0085B222 /* HotPointController.m */,
				4B213FB51C01DF5C0085B222 /* Main.storyboard */,
				4B213FB81C01DF5C0085B222 /* Assets.xcassets */,
				4B213FBA1C01DF5C0085B222 /* LaunchScreen.storyboard */,
				4B213FBD1C01DF5C0085B222 /* Info.plist */,
				4B213FAC1C01DF5C0085B222 /* Supporting Files */,
			);
			path = "ZJ父子控制器（简介）";
			sourceTree = "<group>";
		};
		4B213FAC1C01DF5C0085B222 /* Supporting Files */ = {
			isa = PBXGroup;
			children = (
				4B213FAD1C01DF5C0085B222 /* main.m */,
			);
			name = "Supporting Files";
			sourceTree = "<group>";
		};
/* End PBXGroup section */

/* Begin PBXNativeTarget section */
		4B213FA81C01DF5C0085B222 /* ZJ父子控制器（简介） */ = {
			isa = PBXNativeTarget;
			buildConfigurationList = 4B213FC01C01DF5C0085B222 /* Build configuration list for PBXNativeTarget "ZJ父子控制器（简介）" */;
			buildPhases = (
				4B213FA51C01DF5C0085B222 /* Sources */,
				4B213FA61C01DF5C0085B222 /* Frameworks */,
				4B213FA71C01DF5C0085B222 /* Resources */,
			);
			buildRules = (
			);
			dependencies = (
			);
			name = "ZJ父子控制器（简介）";
			productName = "ZJ父子控制器（简介）";
			productReference = 4B213FA91C01DF5C0085B222 /* ZJ父子控制器（简介）.app */;
			productType = "com.apple.product-type.application";
		};
/* End PBXNativeTarget section */

/* Begin PBXProject section */
		4B213FA11C01DF5C0085B222 /* Project object */ = {
			isa = PBXProject;
			attributes = {
				LastUpgradeCheck = 0710;
				ORGANIZATIONNAME = base;
				TargetAttributes = {
					4B213FA81C01DF5C0085B222 = {
						CreatedOnToolsVersion = 7.1.1;
						DevelopmentTeam = QXAUED6B66;
					};
				};
			};
			buildConfigurationList = 4B213FA41C01DF5C0085B222 /* Build configuration list for PBXProject "ZJ父子控制器（简介）" */;
			compatibilityVersion = "Xcode 3.2";
			developmentRegion = English;
			hasScannedForEncodings = 0;
			knownRegions = (
				en,
				Base,
			);
			mainGroup = 4B213FA01C01DF5C0085B222;
			productRefGroup = 4B213FAA1C01DF5C0085B222 /* Products */;
			projectDirPath = "";
			projectRoot = "";
			targets = (
				4B213FA81C01DF5C0085B222 /* ZJ父子控制器（简介） */,
			);
		};
/* End PBXProject section */

/* Begin PBXResourcesBuildPhase section */
		4B213FA71C01DF5C0085B222 /* Resources */ = {
			isa = PBXResourcesBuildPhase;
			buildActionMask = 2147483647;
			files = (
				4B213FBC1C01DF5C0085B222 /* LaunchScreen.storyboard in Resources */,
				4B213FB91C01DF5C0085B222 /* Assets.xcassets in Resources */,
				4B213FB71C01DF5C0085B222 /* Main.storyboard in Resources */,
			);
			runOnlyForDeploymentPostprocessing = 0;
		};
/* End PBXResourcesBuildPhase section */

/* Begin PBXSourcesBuildPhase section */
		4B213FA51C01DF5C0085B222 /* Sources */ = {
			isa = PBXSourcesBuildPhase;
			buildActionMask = 2147483647;
			files = (
				4B213FB41C01DF5C0085B222 /* ViewController.m in Sources */,
				4B213FB11C01DF5C0085B222 /* AppDelegate.m in Sources */,
				4B213FCB1C01E23F0085B222 /* HotPointController.m in Sources */,
				4B213FC51C01E2110085B222 /* SocietyController.m in Sources */,
				4B213FC81C01E22A0085B222 /* TopTitleViewController.m in Sources */,
				4B213FAE1C01DF5C0085B222 /* main.m in Sources */,
			);
			runOnlyForDeploymentPostprocessing = 0;
		};
/* End PBXSourcesBuildPhase section */

/* Begin PBXVariantGroup section */
		4B213FB51C01DF5C0085B222 /* Main.storyboard */ = {
			isa = PBXVariantGroup;
			children = (
				4B213FB61C01DF5C0085B222 /* Base */,
			);
			name = Main.storyboard;
			sourceTree = "<group>";
		};
		4B213FBA1C01DF5C0085B222 /* LaunchScreen.storyboard */ = {
			isa = PBXVariantGroup;
			children = (
				4B213FBB1C01DF5C0085B222 /* Base */,
			);
			name = LaunchScreen.storyboard;
			sourceTree = "<group>";
		};
/* End PBXVariantGroup section */

/* Begin XCBuildConfiguration section */
		4B213FBE1C01DF5C0085B222 /* Debug */ = {
			isa = XCBuildConfiguration;
			buildSettings = {
				ALWAYS_SEARCH_USER_PATHS = NO;
				CLANG_CXX_LANGUAGE_STANDARD = "gnu++0x";
				CLANG_CXX_LIBRARY = "libc++";
				CLANG_ENABLE_MODULES = YES;
				CLANG_ENABLE_OBJC_ARC = YES;
				CLANG_WARN_BOOL_CONVERSION = YES;
				CLANG_WARN_CONSTANT_CONVERSION = YES;
				CLANG_WARN_DIRECT_OBJC_ISA_USAGE = YES_ERROR;
				CLANG_WARN_EMPTY_BODY = YES;
				CLANG_WARN_ENUM_CONVERSION = YES;
				CLANG_WARN_INT_CONVERSION = YES;
				CLANG_WARN_OBJC_ROOT_CLASS = YES_ERROR;
				CLANG_WARN_UNREACHABLE_CODE = YES;
				CLANG_WARN__DUPLICATE_METHOD_MATCH = YES;
				"CODE_SIGN_IDENTITY[sdk=iphoneos*]" = "iPhone Developer";
				COPY_PHASE_STRIP = NO;
				DEBUG_INFORMATION_FORMAT = dwarf;
				ENABLE_STRICT_OBJC_MSGSEND = YES;
				ENABLE_TESTABILITY = YES;
				GCC_C_LANGUAGE_STANDARD = gnu99;
				GCC_DYNAMIC_NO_PIC = NO;
				GCC_NO_COMMON_BLOCKS = YES;
				GCC_OPTIMIZATION_LEVEL = 0;
				GCC_PREPROCESSOR_DEFINITIONS = (
					"DEBUG=1",
					"$(inherited)",
				);
				GCC_WARN_64_TO_32_BIT_CONVERSION = YES;
				GCC_WARN_ABOUT_RETURN_TYPE = YES_ERROR;
				GCC_WARN_UNDECLARED_SELECTOR = YES;
				GCC_WARN_UNINITIALIZED_AUTOS = YES_AGGRESSIVE;
				GCC_WARN_UNUSED_FUNCTION = YES;
				GCC_WARN_UNUSED_VARIABLE = YES;
				IPHONEOS_DEPLOYMENT_TARGET = 9.1;
				MTL_ENABLE_DEBUG_INFO = YES;
				ONLY_ACTIVE_ARCH = YES;
				SDKROOT = iphoneos;
			};
			name = Debug;
		};
		4B213FBF1C01DF5C0085B222 /* Release */ = {
			isa = XCBuildConfiguration;
			buildSettings = {
				ALWAYS_SEARCH_USER_PATHS = NO;
				CLANG_CXX_LANGUAGE_STANDARD = "gnu++0x";
				CLANG_CXX_LIBRARY = "libc++";
				CLANG_ENABLE_MODULES = YES;
				CLANG_ENABLE_OBJC_ARC = YES;
				CLANG_WARN_BOOL_CONVERSION = YES;
				CLANG_WARN_CONSTANT_CONVERSION = YES;
				CLANG_WARN_DIRECT_OBJC_ISA_USAGE = YES_ERROR;
				CLANG_WARN_EMPTY_BODY = YES;
				CLANG_WARN_ENUM_CONVERSION = YES;
				CLANG_WARN_INT_CONVERSION = YES;
				CLANG_WARN_OBJC_ROOT_CLASS = YES_ERROR;
				CLANG_WARN_UNREACHABLE_CODE = YES;
				CLANG_WARN__DUPLICATE_METHOD_MATCH = YES;
				"CODE_SIGN_IDENTITY[sdk=iphoneos*]" = "iPhone Developer";
				COPY_PHASE_STRIP = NO;
				DEBUG_INFORMATION_FORMAT = "dwarf-with-dsym";
				ENABLE_NS_ASSERTIONS = NO;
				ENABLE_STRICT_OBJC_MSGSEND = YES;
				GCC_C_LANGUAGE_STANDARD = gnu99;
				GCC_NO_COMMON_BLOCKS = YES;
				GCC_WARN_64_TO_32_BIT_CONVERSION = YES;
				GCC_WARN_ABOUT_RETURN_TYPE = YES_ERROR;
				GCC_WARN_UNDECLARED_SELECTOR = YES;
				GCC_WARN_UNINITIALIZED_AUTOS = YES_AGGRESSIVE;
				GCC_WARN_UNUSED_FUNCTION = YES;
				GCC_WARN_UNUSED_VARIABLE = YES;
				IPHONEOS_DEPLOYMENT_TARGET = 9.1;
				MTL_ENABLE_DEBUG_INFO = NO;
				SDKROOT = iphoneos;
				VALIDATE_PRODUCT = YES;
			};
			name = Release;
		};
		4B213FC11C01DF5C0085B222 /* Debug */ = {
			isa = XCBuildConfiguration;
			buildSettings = {
				ASSETCATALOG_COMPILER_APPICON_NAME = AppIcon;
				INFOPLIST_FILE = "ZJ父子控制器（简介）/Info.plist";
				LD_RUNPATH_SEARCH_PATHS = "$(inherited) @executable_path/Frameworks";
				PRODUCT_BUNDLE_IDENTIFIER = "com.520it.ZJ---------";
				PRODUCT_NAME = "$(TARGET_NAME)";
			};
			name = Debug;
		};
		4B213FC21C01DF5C0085B222 /* Release */ = {
			isa = XCBuildConfiguration;
			buildSettings = {
				ASSETCATALOG_COMPILER_APPICON_NAME = AppIcon;
				INFOPLIST_FILE = "ZJ父子控制器（简介）/Info.plist";
				LD_RUNPATH_SEARCH_PATHS = "$(inherited) @executable_path/Frameworks";
				PRODUCT_BUNDLE_IDENTIFIER = "com.520it.ZJ---------";
				PRODUCT_NAME = "$(TARGET_NAME)";
			};
			name = Release;
		};
/* End XCBuildConfiguration section */

/* Begin XCConfigurationList section */
		4B213FA41C01DF5C0085B222 /* Build configuration list for PBXProject "ZJ父子控制器（简介）" */ = {
			isa = XCConfigurationList;
			buildConfigurations = (
				4B213FBE1C01DF5C0085B222 /* Debug */,
				4B213FBF1C01DF5C0085B222 /* Release */,
			);
			defaultConfigurationIsVisible = 0;
			defaultConfigurationName = Release;
		};
		4B213FC01C01DF5C0085B222 /* Build configuration list for PBXNativeTarget "ZJ父子控制器（简介）" */ = {
			isa = XCConfigurationList;
			buildConfigurations = (
				4B213FC11C01DF5C0085B222 /* Debug */,
				4B213FC21C01DF5C0085B222 /* Release */,
			);
			defaultConfigurationIsVisible = 0;
		};
/* End XCConfigurationList section */
	};
	rootObject = 4B213FA11C01DF5C0085B222 /* Project object */;
}
